// !$*UTF8*$!
{
	archiveVersion = 1;
	classes = {
	};
	objectVersion = 46;
	objects = {

/* Begin PBXBuildFile section */
		2F3B5DDC1ED6F88D0018E0AD /* AppDelegate.swift in Sources */ = {isa = PBXBuildFile; fileRef = 2F3B5DDB1ED6F88D0018E0AD /* AppDelegate.swift */; };
		2F3B5DE11ED6F88D0018E0AD /* Main.storyboard in Resources */ = {isa = PBXBuildFile; fileRef = 2F3B5DDF1ED6F88D0018E0AD /* Main.storyboard */; };
		2F3B5DE31ED6F88D0018E0AD /* Assets.xcassets in Resources */ = {isa = PBXBuildFile; fileRef = 2F3B5DE21ED6F88D0018E0AD /* Assets.xcassets */; };
		2F3B5DE61ED6F88D0018E0AD /* LaunchScreen.storyboard in Resources */ = {isa = PBXBuildFile; fileRef = 2F3B5DE41ED6F88D0018E0AD /* LaunchScreen.storyboard */; };
		2F3B5DF11ED6F88E0018E0AD /* GoldenEyeTests.swift in Sources */ = {isa = PBXBuildFile; fileRef = 2F3B5DF01ED6F88E0018E0AD /* GoldenEyeTests.swift */; };
		2F3B5DFC1ED6F88E0018E0AD /* GoldenEyeUITests.swift in Sources */ = {isa = PBXBuildFile; fileRef = 2F3B5DFB1ED6F88E0018E0AD /* GoldenEyeUITests.swift */; };
		2F3B5E0A1ED6F8B50018E0AD /* loginViewController.swift in Sources */ = {isa = PBXBuildFile; fileRef = 2F3B5E091ED6F8B50018E0AD /* loginViewController.swift */; };
		2F3B5E0C1ED6F8D90018E0AD /* TabViewController.swift in Sources */ = {isa = PBXBuildFile; fileRef = 2F3B5E0B1ED6F8D90018E0AD /* TabViewController.swift */; };
		2F3B5E0E1ED6F9000018E0AD /* HomeViewController.swift in Sources */ = {isa = PBXBuildFile; fileRef = 2F3B5E0D1ED6F9000018E0AD /* HomeViewController.swift */; };
		2F3B5E101ED6F9120018E0AD /* ServiceViewController.swift in Sources */ = {isa = PBXBuildFile; fileRef = 2F3B5E0F1ED6F9120018E0AD /* ServiceViewController.swift */; };
		2F3B5E121ED6F9220018E0AD /* BookServiceViewController.swift in Sources */ = {isa = PBXBuildFile; fileRef = 2F3B5E111ED6F9220018E0AD /* BookServiceViewController.swift */; };
		2F3B5E141ED6F9340018E0AD /* ContactViewController.swift in Sources */ = {isa = PBXBuildFile; fileRef = 2F3B5E131ED6F9340018E0AD /* ContactViewController.swift */; };
		2F3B5E161ED6F9500018E0AD /* SplashViewController.swift in Sources */ = {isa = PBXBuildFile; fileRef = 2F3B5E151ED6F9500018E0AD /* SplashViewController.swift */; };
		2F3B5E191ED6FF960018E0AD /* UserData.plist in Resources */ = {isa = PBXBuildFile; fileRef = 2F3B5E171ED6FF960018E0AD /* UserData.plist */; };
		2F3B5E1A1ED6FF960018E0AD /* UserData.swift in Sources */ = {isa = PBXBuildFile; fileRef = 2F3B5E181ED6FF960018E0AD /* UserData.swift */; };
		2F3B5E291ED701250018E0AD /* MyConstant.swift in Sources */ = {isa = PBXBuildFile; fileRef = 2F3B5E281ED701250018E0AD /* MyConstant.swift */; };
		2F3B5E2D1ED704BC0018E0AD /* BaseViewController.swift in Sources */ = {isa = PBXBuildFile; fileRef = 2F3B5E2B1ED704BC0018E0AD /* BaseViewController.swift */; };
		2F3B5E2E1ED704BC0018E0AD /* MenuViewController.swift in Sources */ = {isa = PBXBuildFile; fileRef = 2F3B5E2C1ED704BC0018E0AD /* MenuViewController.swift */; };
		2F3B5E2F1ED70ECB0018E0AD /* Fontello.ttf in Resources */ = {isa = PBXBuildFile; fileRef = 2F3B5E1B1ED6FFB10018E0AD /* Fontello.ttf */; };
		2F3B5E301ED70ECB0018E0AD /* Roboto-Black.ttf in Resources */ = {isa = PBXBuildFile; fileRef = 2F3B5E1C1ED6FFB10018E0AD /* Roboto-Black.ttf */; };
		2F3B5E311ED70ECB0018E0AD /* Roboto-BlackItalic.ttf in Resources */ = {isa = PBXBuildFile; fileRef = 2F3B5E1D1ED6FFB10018E0AD /* Roboto-BlackItalic.ttf */; };
		2F3B5E321ED70ECB0018E0AD /* Roboto-Bold.ttf in Resources */ = {isa = PBXBuildFile; fileRef = 2F3B5E1E1ED6FFB10018E0AD /* Roboto-Bold.ttf */; };
		2F3B5E331ED70ECB0018E0AD /* Roboto-BoldItalic.ttf in Resources */ = {isa = PBXBuildFile; fileRef = 2F3B5E1F1ED6FFB10018E0AD /* Roboto-BoldItalic.ttf */; };
		2F3B5E341ED70ECB0018E0AD /* Roboto-Italic.ttf in Resources */ = {isa = PBXBuildFile; fileRef = 2F3B5E201ED6FFB10018E0AD /* Roboto-Italic.ttf */; };
		2F3B5E351ED70ECB0018E0AD /* Roboto-Light.ttf in Resources */ = {isa = PBXBuildFile; fileRef = 2F3B5E211ED6FFB10018E0AD /* Roboto-Light.ttf */; };
		2F3B5E361ED70ECB0018E0AD /* Roboto-LightItalic.ttf in Resources */ = {isa = PBXBuildFile; fileRef = 2F3B5E221ED6FFB10018E0AD /* Roboto-LightItalic.ttf */; };
		2F3B5E371ED70ECB0018E0AD /* Roboto-Medium.ttf in Resources */ = {isa = PBXBuildFile; fileRef = 2F3B5E231ED6FFB10018E0AD /* Roboto-Medium.ttf */; };
		2F3B5E381ED70ECB0018E0AD /* Roboto-MediumItalic.ttf in Resources */ = {isa = PBXBuildFile; fileRef = 2F3B5E241ED6FFB10018E0AD /* Roboto-MediumItalic.ttf */; };
		2F3B5E391ED70ECB0018E0AD /* Roboto-Regular.ttf in Resources */ = {isa = PBXBuildFile; fileRef = 2F3B5E251ED6FFB10018E0AD /* Roboto-Regular.ttf */; };
		2F3B5E3A1ED70ECB0018E0AD /* Roboto-Thin.ttf in Resources */ = {isa = PBXBuildFile; fileRef = 2F3B5E261ED6FFB10018E0AD /* Roboto-Thin.ttf */; };
		2F3B5E3B1ED70ECB0018E0AD /* Roboto-ThinItalic.ttf in Resources */ = {isa = PBXBuildFile; fileRef = 2F3B5E271ED6FFB10018E0AD /* Roboto-ThinItalic.ttf */; };
/* End PBXBuildFile section */

/* Begin PBXContainerItemProxy section */
		2F3B5DED1ED6F88E0018E0AD /* PBXContainerItemProxy */ = {
			isa = PBXContainerItemProxy;
			containerPortal = 2F3B5DD01ED6F88D0018E0AD /* Project object */;
			proxyType = 1;
			remoteGlobalIDString = 2F3B5DD71ED6F88D0018E0AD;
			remoteInfo = GoldenEye;
		};
		2F3B5DF81ED6F88E0018E0AD /* PBXContainerItemProxy */ = {
			isa = PBXContainerItemProxy;
			containerPortal = 2F3B5DD01ED6F88D0018E0AD /* Project object */;
			proxyType = 1;
			remoteGlobalIDString = 2F3B5DD71ED6F88D0018E0AD;
			remoteInfo = GoldenEye;
		};
/* End PBXContainerItemProxy section */

/* Begin PBXFileReference section */
		2F3B5DD81ED6F88D0018E0AD /* GoldenEye.app */ = {isa = PBXFileReference; explicitFileType = wrapper.application; includeInIndex = 0; path = GoldenEye.app; sourceTree = BUILT_PRODUCTS_DIR; };
		2F3B5DDB1ED6F88D0018E0AD /* AppDelegate.swift */ = {isa = PBXFileReference; lastKnownFileType = sourcecode.swift; path = AppDelegate.swift; sourceTree = "<group>"; };
		2F3B5DE01ED6F88D0018E0AD /* Base */ = {isa = PBXFileReference; lastKnownFileType = file.storyboard; name = Base; path = Base.lproj/Main.storyboard; sourceTree = "<group>"; };
		2F3B5DE21ED6F88D0018E0AD /* Assets.xcassets */ = {isa = PBXFileReference; lastKnownFileType = folder.assetcatalog; path = Assets.xcassets; sourceTree = "<group>"; };
		2F3B5DE51ED6F88D0018E0AD /* Base */ = {isa = PBXFileReference; lastKnownFileType = file.storyboard; name = Base; path = Base.lproj/LaunchScreen.storyboard; sourceTree = "<group>"; };
		2F3B5DE71ED6F88D0018E0AD /* Info.plist */ = {isa = PBXFileReference; lastKnownFileType = text.plist.xml; path = Info.plist; sourceTree = "<group>"; };
		2F3B5DEC1ED6F88E0018E0AD /* GoldenEyeTests.xctest */ = {isa = PBXFileReference; explicitFileType = wrapper.cfbundle; includeInIndex = 0; path = GoldenEyeTests.xctest; sourceTree = BUILT_PRODUCTS_DIR; };
		2F3B5DF01ED6F88E0018E0AD /* GoldenEyeTests.swift */ = {isa = PBXFileReference; lastKnownFileType = sourcecode.swift; path = GoldenEyeTests.swift; sourceTree = "<group>"; };
		2F3B5DF21ED6F88E0018E0AD /* Info.plist */ = {isa = PBXFileReference; lastKnownFileType = text.plist.xml; path = Info.plist; sourceTree = "<group>"; };
		2F3B5DF71ED6F88E0018E0AD /* GoldenEyeUITests.xctest */ = {isa = PBXFileReference; explicitFileType = wrapper.cfbundle; includeInIndex = 0; path = GoldenEyeUITests.xctest; sourceTree = BUILT_PRODUCTS_DIR; };
		2F3B5DFB1ED6F88E0018E0AD /* GoldenEyeUITests.swift */ = {isa = PBXFileReference; lastKnownFileType = sourcecode.swift; path = GoldenEyeUITests.swift; sourceTree = "<group>"; };
		2F3B5DFD1ED6F88E0018E0AD /* Info.plist */ = {isa = PBXFileReference; lastKnownFileType = text.plist.xml; path = Info.plist; sourceTree = "<group>"; };
		2F3B5E091ED6F8B50018E0AD /* loginViewController.swift */ = {isa = PBXFileReference; fileEncoding = 4; lastKnownFileType = sourcecode.swift; path = loginViewController.swift; sourceTree = "<group>"; };
		2F3B5E0B1ED6F8D90018E0AD /* TabViewController.swift */ = {isa = PBXFileReference; fileEncoding = 4; lastKnownFileType = sourcecode.swift; path = TabViewController.swift; sourceTree = "<group>"; };
		2F3B5E0D1ED6F9000018E0AD /* HomeViewController.swift */ = {isa = PBXFileReference; fileEncoding = 4; lastKnownFileType = sourcecode.swift; path = HomeViewController.swift; sourceTree = "<group>"; };
		2F3B5E0F1ED6F9120018E0AD /* ServiceViewController.swift */ = {isa = PBXFileReference; fileEncoding = 4; lastKnownFileType = sourcecode.swift; path = ServiceViewController.swift; sourceTree = "<group>"; };
		2F3B5E111ED6F9220018E0AD /* BookServiceViewController.swift */ = {isa = PBXFileReference; fileEncoding = 4; lastKnownFileType = sourcecode.swift; path = BookServiceViewController.swift; sourceTree = "<group>"; };
		2F3B5E131ED6F9340018E0AD /* ContactViewController.swift */ = {isa = PBXFileReference; fileEncoding = 4; lastKnownFileType = sourcecode.swift; path = ContactViewController.swift; sourceTree = "<group>"; };
		2F3B5E151ED6F9500018E0AD /* SplashViewController.swift */ = {isa = PBXFileReference; fileEncoding = 4; lastKnownFileType = sourcecode.swift; path = SplashViewController.swift; sourceTree = "<group>"; };
		2F3B5E171ED6FF960018E0AD /* UserData.plist */ = {isa = PBXFileReference; fileEncoding = 4; lastKnownFileType = text.plist.xml; path = UserData.plist; sourceTree = "<group>"; };
		2F3B5E181ED6FF960018E0AD /* UserData.swift */ = {isa = PBXFileReference; fileEncoding = 4; lastKnownFileType = sourcecode.swift; path = UserData.swift; sourceTree = "<group>"; };
		2F3B5E1B1ED6FFB10018E0AD /* Fontello.ttf */ = {isa = PBXFileReference; lastKnownFileType = file; path = Fontello.ttf; sourceTree = "<group>"; };
		2F3B5E1C1ED6FFB10018E0AD /* Roboto-Black.ttf */ = {isa = PBXFileReference; lastKnownFileType = file; path = "Roboto-Black.ttf"; sourceTree = "<group>"; };
		2F3B5E1D1ED6FFB10018E0AD /* Roboto-BlackItalic.ttf */ = {isa = PBXFileReference; lastKnownFileType = file; path = "Roboto-BlackItalic.ttf"; sourceTree = "<group>"; };
		2F3B5E1E1ED6FFB10018E0AD /* Roboto-Bold.ttf */ = {isa = PBXFileReference; lastKnownFileType = file; path = "Roboto-Bold.ttf"; sourceTree = "<group>"; };
		2F3B5E1F1ED6FFB10018E0AD /* Roboto-BoldItalic.ttf */ = {isa = PBXFileReference; lastKnownFileType = file; path = "Roboto-BoldItalic.ttf"; sourceTree = "<group>"; };
		2F3B5E201ED6FFB10018E0AD /* Roboto-Italic.ttf */ = {isa = PBXFileReference; lastKnownFileType = file; path = "Roboto-Italic.ttf"; sourceTree = "<group>"; };
		2F3B5E211ED6FFB10018E0AD /* Roboto-Light.ttf */ = {isa = PBXFileReference; lastKnownFileType = file; path = "Roboto-Light.ttf"; sourceTree = "<group>"; };
		2F3B5E221ED6FFB10018E0AD /* Roboto-LightItalic.ttf */ = {isa = PBXFileReference; lastKnownFileType = file; path = "Roboto-LightItalic.ttf"; sourceTree = "<group>"; };
		2F3B5E231ED6FFB10018E0AD /* Roboto-Medium.ttf */ = {isa = PBXFileReference; lastKnownFileType = file; path = "Roboto-Medium.ttf"; sourceTree = "<group>"; };
		2F3B5E241ED6FFB10018E0AD /* Roboto-MediumItalic.ttf */ = {isa = PBXFileReference; lastKnownFileType = file; path = "Roboto-MediumItalic.ttf"; sourceTree = "<group>"; };
		2F3B5E251ED6FFB10018E0AD /* Roboto-Regular.ttf */ = {isa = PBXFileReference; lastKnownFileType = file; path = "Roboto-Regular.ttf"; sourceTree = "<group>"; };
		2F3B5E261ED6FFB10018E0AD /* Roboto-Thin.ttf */ = {isa = PBXFileReference; lastKnownFileType = file; path = "Roboto-Thin.ttf"; sourceTree = "<group>"; };
		2F3B5E271ED6FFB10018E0AD /* Roboto-ThinItalic.ttf */ = {isa = PBXFileReference; lastKnownFileType = file; path = "Roboto-ThinItalic.ttf"; sourceTree = "<group>"; };
		2F3B5E281ED701250018E0AD /* MyConstant.swift */ = {isa = PBXFileReference; fileEncoding = 4; lastKnownFileType = sourcecode.swift; path = MyConstant.swift; sourceTree = "<group>"; };
		2F3B5E2B1ED704BC0018E0AD /* BaseViewController.swift */ = {isa = PBXFileReference; fileEncoding = 4; lastKnownFileType = sourcecode.swift; path = BaseViewController.swift; sourceTree = "<group>"; };
		2F3B5E2C1ED704BC0018E0AD /* MenuViewController.swift */ = {isa = PBXFileReference; fileEncoding = 4; lastKnownFileType = sourcecode.swift; path = MenuViewController.swift; sourceTree = "<group>"; };
/* End PBXFileReference section */

/* Begin PBXFrameworksBuildPhase section */
		2F3B5DD51ED6F88D0018E0AD /* Frameworks */ = {
			isa = PBXFrameworksBuildPhase;
			buildActionMask = 2147483647;
			files = (
			);
			runOnlyForDeploymentPostprocessing = 0;
		};
		2F3B5DE91ED6F88E0018E0AD /* Frameworks */ = {
			isa = PBXFrameworksBuildPhase;
			buildActionMask = 2147483647;
			files = (
			);
			runOnlyForDeploymentPostprocessing = 0;
		};
		2F3B5DF41ED6F88E0018E0AD /* Frameworks */ = {
			isa = PBXFrameworksBuildPhase;
			buildActionMask = 2147483647;
			files = (
			);
			runOnlyForDeploymentPostprocessing = 0;
		};
/* End PBXFrameworksBuildPhase section */

/* Begin PBXGroup section */
		2F3B5DCF1ED6F88D0018E0AD = {
			isa = PBXGroup;
			children = (
				2F3B5DDA1ED6F88D0018E0AD /* GoldenEye */,
				2F3B5DEF1ED6F88E0018E0AD /* GoldenEyeTests */,
				2F3B5DFA1ED6F88E0018E0AD /* GoldenEyeUITests */,
				2F3B5DD91ED6F88D0018E0AD /* Products */,
			);
			sourceTree = "<group>";
		};
		2F3B5DD91ED6F88D0018E0AD /* Products */ = {
			isa = PBXGroup;
			children = (
				2F3B5DD81ED6F88D0018E0AD /* GoldenEye.app */,
				2F3B5DEC1ED6F88E0018E0AD /* GoldenEyeTests.xctest */,
				2F3B5DF71ED6F88E0018E0AD /* GoldenEyeUITests.xctest */,
			);
			name = Products;
			sourceTree = "<group>";
		};
		2F3B5DDA1ED6F88D0018E0AD /* GoldenEye */ = {
			isa = PBXGroup;
			children = (
				2F3B5E2A1ED7032E0018E0AD /* fonts */,
				2F3B5E171ED6FF960018E0AD /* UserData.plist */,
				2F3B5E2B1ED704BC0018E0AD /* BaseViewController.swift */,
				2F3B5E2C1ED704BC0018E0AD /* MenuViewController.swift */,
				2F3B5E181ED6FF960018E0AD /* UserData.swift */,
				2F3B5DDB1ED6F88D0018E0AD /* AppDelegate.swift */,
				2F3B5E091ED6F8B50018E0AD /* loginViewController.swift */,
				2F3B5E0B1ED6F8D90018E0AD /* TabViewController.swift */,
				2F3B5DDF1ED6F88D0018E0AD /* Main.storyboard */,
				2F3B5DE21ED6F88D0018E0AD /* Assets.xcassets */,
				2F3B5DE41ED6F88D0018E0AD /* LaunchScreen.storyboard */,
				2F3B5DE71ED6F88D0018E0AD /* Info.plist */,
				2F3B5E0D1ED6F9000018E0AD /* HomeViewController.swift */,
				2F3B5E0F1ED6F9120018E0AD /* ServiceViewController.swift */,
				2F3B5E111ED6F9220018E0AD /* BookServiceViewController.swift */,
				2F3B5E131ED6F9340018E0AD /* ContactViewController.swift */,
				2F3B5E151ED6F9500018E0AD /* SplashViewController.swift */,
				2F3B5E281ED701250018E0AD /* MyConstant.swift */,
			);
			path = GoldenEye;
			sourceTree = "<group>";
		};
		2F3B5DEF1ED6F88E0018E0AD /* GoldenEyeTests */ = {
			isa = PBXGroup;
			children = (
				2F3B5DF01ED6F88E0018E0AD /* GoldenEyeTests.swift */,
				2F3B5DF21ED6F88E0018E0AD /* Info.plist */,
			);
			path = GoldenEyeTests;
			sourceTree = "<group>";
		};
		2F3B5DFA1ED6F88E0018E0AD /* GoldenEyeUITests */ = {
			isa = PBXGroup;
			children = (
				2F3B5DFB1ED6F88E0018E0AD /* GoldenEyeUITests.swift */,
				2F3B5DFD1ED6F88E0018E0AD /* Info.plist */,
			);
			path = GoldenEyeUITests;
			sourceTree = "<group>";
		};
		2F3B5E2A1ED7032E0018E0AD /* fonts */ = {
			isa = PBXGroup;
			children = (
				2F3B5E1B1ED6FFB10018E0AD /* Fontello.ttf */,
				2F3B5E1C1ED6FFB10018E0AD /* Roboto-Black.ttf */,
				2F3B5E1D1ED6FFB10018E0AD /* Roboto-BlackItalic.ttf */,
				2F3B5E1E1ED6FFB10018E0AD /* Roboto-Bold.ttf */,
				2F3B5E1F1ED6FFB10018E0AD /* Roboto-BoldItalic.ttf */,
				2F3B5E201ED6FFB10018E0AD /* Roboto-Italic.ttf */,
				2F3B5E211ED6FFB10018E0AD /* Roboto-Light.ttf */,
				2F3B5E221ED6FFB10018E0AD /* Roboto-LightItalic.ttf */,
				2F3B5E231ED6FFB10018E0AD /* Roboto-Medium.ttf */,
				2F3B5E241ED6FFB10018E0AD /* Roboto-MediumItalic.ttf */,
				2F3B5E251ED6FFB10018E0AD /* Roboto-Regular.ttf */,
				2F3B5E261ED6FFB10018E0AD /* Roboto-Thin.ttf */,
				2F3B5E271ED6FFB10018E0AD /* Roboto-ThinItalic.ttf */,
			);
			name = fonts;
			sourceTree = "<group>";
		};
/* End PBXGroup section */

/* Begin PBXNativeTarget section */
		2F3B5DD71ED6F88D0018E0AD /* GoldenEye */ = {
			isa = PBXNativeTarget;
			buildConfigurationList = 2F3B5E001ED6F88E0018E0AD /* Build configuration list for PBXNativeTarget "GoldenEye" */;
			buildPhases = (
				2F3B5DD41ED6F88D0018E0AD /* Sources */,
				2F3B5DD51ED6F88D0018E0AD /* Frameworks */,
				2F3B5DD61ED6F88D0018E0AD /* Resources */,
			);
			buildRules = (
			);
			dependencies = (
			);
			name = GoldenEye;
			productName = GoldenEye;
			productReference = 2F3B5DD81ED6F88D0018E0AD /* GoldenEye.app */;
			productType = "com.apple.product-type.application";
		};
		2F3B5DEB1ED6F88E0018E0AD /* GoldenEyeTests */ = {
			isa = PBXNativeTarget;
			buildConfigurationList = 2F3B5E031ED6F88E0018E0AD /* Build configuration list for PBXNativeTarget "GoldenEyeTests" */;
			buildPhases = (
				2F3B5DE81ED6F88E0018E0AD /* Sources */,
				2F3B5DE91ED6F88E0018E0AD /* Frameworks */,
				2F3B5DEA1ED6F88E0018E0AD /* Resources */,
			);
			buildRules = (
			);
			dependencies = (
				2F3B5DEE1ED6F88E0018E0AD /* PBXTargetDependency */,
			);
			name = GoldenEyeTests;
			productName = GoldenEyeTests;
			productReference = 2F3B5DEC1ED6F88E0018E0AD /* GoldenEyeTests.xctest */;
			productType = "com.apple.product-type.bundle.unit-test";
		};
		2F3B5DF61ED6F88E0018E0AD /* GoldenEyeUITests */ = {
			isa = PBXNativeTarget;
			buildConfigurationList = 2F3B5E061ED6F88E0018E0AD /* Build configuration list for PBXNativeTarget "GoldenEyeUITests" */;
			buildPhases = (
				2F3B5DF31ED6F88E0018E0AD /* Sources */,
				2F3B5DF41ED6F88E0018E0AD /* Frameworks */,
				2F3B5DF51ED6F88E0018E0AD /* Resources */,
			);
			buildRules = (
			);
			dependencies = (
				2F3B5DF91ED6F88E0018E0AD /* PBXTargetDependency */,
			);
			name = GoldenEyeUITests;
			productName = GoldenEyeUITests;
			productReference = 2F3B5DF71ED6F88E0018E0AD /* GoldenEyeUITests.xctest */;
			productType = "com.apple.product-type.bundle.ui-testing";
		};
/* End PBXNativeTarget section */

/* Begin PBXProject section */
		2F3B5DD01ED6F88D0018E0AD /* Project object */ = {
			isa = PBXProject;
			attributes = {
				LastSwiftUpdateCheck = 0830;
				LastUpgradeCheck = 0830;
				ORGANIZATIONNAME = "Sandip Jadhav";
				TargetAttributes = {
					2F3B5DD71ED6F88D0018E0AD = {
						CreatedOnToolsVersion = 8.3.2;
						DevelopmentTeam = V6TPGSWS2W;
						ProvisioningStyle = Automatic;
					};
					2F3B5DEB1ED6F88E0018E0AD = {
						CreatedOnToolsVersion = 8.3.2;
						ProvisioningStyle = Automatic;
						TestTargetID = 2F3B5DD71ED6F88D0018E0AD;
					};
					2F3B5DF61ED6F88E0018E0AD = {
						CreatedOnToolsVersion = 8.3.2;
						ProvisioningStyle = Automatic;
						TestTargetID = 2F3B5DD71ED6F88D0018E0AD;
					};
				};
			};
			buildConfigurationList = 2F3B5DD31ED6F88D0018E0AD /* Build configuration list for PBXProject "GoldenEye" */;
			compatibilityVersion = "Xcode 3.2";
			developmentRegion = English;
			hasScannedForEncodings = 0;
			knownRegions = (
				en,
				Base,
			);
			mainGroup = 2F3B5DCF1ED6F88D0018E0AD;
			productRefGroup = 2F3B5DD91ED6F88D0018E0AD /* Products */;
			projectDirPath = "";
			projectRoot = "";
			targets = (
				2F3B5DD71ED6F88D0018E0AD /* GoldenEye */,
				2F3B5DEB1ED6F88E0018E0AD /* GoldenEyeTests */,
				2F3B5DF61ED6F88E0018E0AD /* GoldenEyeUITests */,
			);
		};
/* End PBXProject section */

/* Begin PBXResourcesBuildPhase section */
		2F3B5DD61ED6F88D0018E0AD /* Resources */ = {
			isa = PBXResourcesBuildPhase;
			buildActionMask = 2147483647;
			files = (
				2F3B5E2F1ED70ECB0018E0AD /* Fontello.ttf in Resources */,
				2F3B5E301ED70ECB0018E0AD /* Roboto-Black.ttf in Resources */,
				2F3B5E311ED70ECB0018E0AD /* Roboto-BlackItalic.ttf in Resources */,
				2F3B5E321ED70ECB0018E0AD /* Roboto-Bold.ttf in Resources */,
				2F3B5E331ED70ECB0018E0AD /* Roboto-BoldItalic.ttf in Resources */,
				2F3B5E341ED70ECB0018E0AD /* Roboto-Italic.ttf in Resources */,
				2F3B5E351ED70ECB0018E0AD /* Roboto-Light.ttf in Resources */,
				2F3B5E361ED70ECB0018E0AD /* Roboto-LightItalic.ttf in Resources */,
				2F3B5E371ED70ECB0018E0AD /* Roboto-Medium.ttf in Resources */,
				2F3B5E381ED70ECB0018E0AD /* Roboto-MediumItalic.ttf in Resources */,
				2F3B5E391ED70ECB0018E0AD /* Roboto-Regular.ttf in Resources */,
				2F3B5E3A1ED70ECB0018E0AD /* Roboto-Thin.ttf in Resources */,
				2F3B5E3B1ED70ECB0018E0AD /* Roboto-ThinItalic.ttf in Resources */,
				2F3B5DE61ED6F88D0018E0AD /* LaunchScreen.storyboard in Resources */,
				2F3B5E191ED6FF960018E0AD /* UserData.plist in Resources */,
				2F3B5DE31ED6F88D0018E0AD /* Assets.xcassets in Resources */,
				2F3B5DE11ED6F88D0018E0AD /* Main.storyboard in Resources */,
			);
			runOnlyForDeploymentPostprocessing = 0;
		};
		2F3B5DEA1ED6F88E0018E0AD /* Resources */ = {
			isa = PBXResourcesBuildPhase;
			buildActionMask = 2147483647;
			files = (
			);
			runOnlyForDeploymentPostprocessing = 0;
		};
		2F3B5DF51ED6F88E0018E0AD /* Resources */ = {
			isa = PBXResourcesBuildPhase;
			buildActionMask = 2147483647;
			files = (
			);
			runOnlyForDeploymentPostprocessing = 0;
		};
/* End PBXResourcesBuildPhase section */

/* Begin PBXSourcesBuildPhase section */
		2F3B5DD41ED6F88D0018E0AD /* Sources */ = {
			isa = PBXSourcesBuildPhase;
			buildActionMask = 2147483647;
			files = (
				2F3B5E0C1ED6F8D90018E0AD /* TabViewController.swift in Sources */,
				2F3B5E291ED701250018E0AD /* MyConstant.swift in Sources */,
				2F3B5E2D1ED704BC0018E0AD /* BaseViewController.swift in Sources */,
				2F3B5E141ED6F9340018E0AD /* ContactViewController.swift in Sources */,
				2F3B5E121ED6F9220018E0AD /* BookServiceViewController.swift in Sources */,
				2F3B5E1A1ED6FF960018E0AD /* UserData.swift in Sources */,
				2F3B5E0A1ED6F8B50018E0AD /* loginViewController.swift in Sources */,
				2F3B5E2E1ED704BC0018E0AD /* MenuViewController.swift in Sources */,
				2F3B5DDC1ED6F88D0018E0AD /* AppDelegate.swift in Sources */,
				2F3B5E101ED6F9120018E0AD /* ServiceViewController.swift in Sources */,
				2F3B5E0E1ED6F9000018E0AD /* HomeViewController.swift in Sources */,
				2F3B5E161ED6F9500018E0AD /* SplashViewController.swift in Sources */,
			);
			runOnlyForDeploymentPostprocessing = 0;
		};
		2F3B5DE81ED6F88E0018E0AD /* Sources */ = {
			isa = PBXSourcesBuildPhase;
			buildActionMask = 2147483647;
			files = (
				2F3B5DF11ED6F88E0018E0AD /* GoldenEyeTests.swift in Sources */,
			);
			runOnlyForDeploymentPostprocessing = 0;
		};
		2F3B5DF31ED6F88E0018E0AD /* Sources */ = {
			isa = PBXSourcesBuildPhase;
			buildActionMask = 2147483647;
			files = (
				2F3B5DFC1ED6F88E0018E0AD /* GoldenEyeUITests.swift in Sources */,
			);
			runOnlyForDeploymentPostprocessing = 0;
		};
/* End PBXSourcesBuildPhase section */

/* Begin PBXTargetDependency section */
		2F3B5DEE1ED6F88E0018E0AD /* PBXTargetDependency */ = {
			isa = PBXTargetDependency;
			target = 2F3B5DD71ED6F88D0018E0AD /* GoldenEye */;
			targetProxy = 2F3B5DED1ED6F88E0018E0AD /* PBXContainerItemProxy */;
		};
		2F3B5DF91ED6F88E0018E0AD /* PBXTargetDependency */ = {
			isa = PBXTargetDependency;
			target = 2F3B5DD71ED6F88D0018E0AD /* GoldenEye */;
			targetProxy = 2F3B5DF81ED6F88E0018E0AD /* PBXContainerItemProxy */;
		};
/* End PBXTargetDependency section */

/* Begin PBXVariantGroup section */
		2F3B5DDF1ED6F88D0018E0AD /* Main.storyboard */ = {
			isa = PBXVariantGroup;
			children = (
				2F3B5DE01ED6F88D0018E0AD /* Base */,
			);
			name = Main.storyboard;
			sourceTree = "<group>";
		};
		2F3B5DE41ED6F88D0018E0AD /* LaunchScreen.storyboard */ = {
			isa = PBXVariantGroup;
			children = (
				2F3B5DE51ED6F88D0018E0AD /* Base */,
			);
			name = LaunchScreen.storyboard;
			sourceTree = "<group>";
		};
/* End PBXVariantGroup section */

/* Begin XCBuildConfiguration section */
		2F3B5DFE1ED6F88E0018E0AD /* Debug */ = {
			isa = XCBuildConfiguration;
			buildSettings = {
				ALWAYS_SEARCH_USER_PATHS = NO;
				CLANG_ANALYZER_NONNULL = YES;
				CLANG_ANALYZER_NUMBER_OBJECT_CONVERSION = YES_AGGRESSIVE;
				CLANG_CXX_LANGUAGE_STANDARD = "gnu++0x";
				CLANG_CXX_LIBRARY = "libc++";
				CLANG_ENABLE_MODULES = YES;
				CLANG_ENABLE_OBJC_ARC = YES;
				CLANG_WARN_BOOL_CONVERSION = YES;
				CLANG_WARN_CONSTANT_CONVERSION = YES;
				CLANG_WARN_DIRECT_OBJC_ISA_USAGE = YES_ERROR;
				CLANG_WARN_DOCUMENTATION_COMMENTS = YES;
				CLANG_WARN_EMPTY_BODY = YES;
				CLANG_WARN_ENUM_CONVERSION = YES;
				CLANG_WARN_INFINITE_RECURSION = YES;
				CLANG_WARN_INT_CONVERSION = YES;
				CLANG_WARN_OBJC_ROOT_CLASS = YES_ERROR;
				CLANG_WARN_SUSPICIOUS_MOVE = YES;
				CLANG_WARN_UNREACHABLE_CODE = YES;
				CLANG_WARN__DUPLICATE_METHOD_MATCH = YES;
				"CODE_SIGN_IDENTITY[sdk=iphoneos*]" = "iPhone Developer";
				COPY_PHASE_STRIP = NO;
				DEBUG_INFORMATION_FORMAT = dwarf;
				ENABLE_STRICT_OBJC_MSGSEND = YES;
				ENABLE_TESTABILITY = YES;
				GCC_C_LANGUAGE_STANDARD = gnu99;
				GCC_DYNAMIC_NO_PIC = NO;
				GCC_NO_COMMON_BLOCKS = YES;
				GCC_OPTIMIZATION_LEVEL = 0;
				GCC_PREPROCESSOR_DEFINITIONS = (
					"DEBUG=1",
					"$(inherited)",
				);
				GCC_WARN_64_TO_32_BIT_CONVERSION = YES;
				GCC_WARN_ABOUT_RETURN_TYPE = YES_ERROR;
				GCC_WARN_UNDECLARED_SELECTOR = YES;
				GCC_WARN_UNINITIALIZED_AUTOS = YES_AGGRESSIVE;
				GCC_WARN_UNUSED_FUNCTION = YES;
				GCC_WARN_UNUSED_VARIABLE = YES;
				IPHONEOS_DEPLOYMENT_TARGET = 10.3;
				MTL_ENABLE_DEBUG_INFO = YES;
				ONLY_ACTIVE_ARCH = YES;
				SDKROOT = iphoneos;
				SWIFT_ACTIVE_COMPILATION_CONDITIONS = DEBUG;
				SWIFT_OPTIMIZATION_LEVEL = "-Onone";
				TARGETED_DEVICE_FAMILY = "1,2";
			};
			name = Debug;
		};
		2F3B5DFF1ED6F88E0018E0AD /* Release */ = {
			isa = XCBuildConfiguration;
			buildSettings = {
				ALWAYS_SEARCH_USER_PATHS = NO;
				CLANG_ANALYZER_NONNULL = YES;
				CLANG_ANALYZER_NUMBER_OBJECT_CONVERSION = YES_AGGRESSIVE;
				CLANG_CXX_LANGUAGE_STANDARD = "gnu++0x";
				CLANG_CXX_LIBRARY = "libc++";
				CLANG_ENABLE_MODULES = YES;
				CLANG_ENABLE_OBJC_ARC = YES;
				CLANG_WARN_BOOL_CONVERSION = YES;
				CLANG_WARN_CONSTANT_CONVERSION = YES;
				CLANG_WARN_DIRECT_OBJC_ISA_USAGE = YES_ERROR;
				CLANG_WARN_DOCUMENTATION_COMMENTS = YES;
				CLANG_WARN_EMPTY_BODY = YES;
				CLANG_WARN_ENUM_CONVERSION = YES;
				CLANG_WARN_INFINITE_RECURSION = YES;
				CLANG_WARN_INT_CONVERSION = YES;
				CLANG_WARN_OBJC_ROOT_CLASS = YES_ERROR;
				CLANG_WARN_SUSPICIOUS_MOVE = YES;
				CLANG_WARN_UNREACHABLE_CODE = YES;
				CLANG_WARN__DUPLICATE_METHOD_MATCH = YES;
				"CODE_SIGN_IDENTITY[sdk=iphoneos*]" = "iPhone Developer";
				COPY_PHASE_STRIP = NO;
				DEBUG_INFORMATION_FORMAT = "dwarf-with-dsym";
				ENABLE_NS_ASSERTIONS = NO;
				ENABLE_STRICT_OBJC_MSGSEND = YES;
				GCC_C_LANGUAGE_STANDARD = gnu99;
				GCC_NO_COMMON_BLOCKS = YES;
				GCC_WARN_64_TO_32_BIT_CONVERSION = YES;
				GCC_WARN_ABOUT_RETURN_TYPE = YES_ERROR;
				GCC_WARN_UNDECLARED_SELECTOR = YES;
				GCC_WARN_UNINITIALIZED_AUTOS = YES_AGGRESSIVE;
				GCC_WARN_UNUSED_FUNCTION = YES;
				GCC_WARN_UNUSED_VARIABLE = YES;
				IPHONEOS_DEPLOYMENT_TARGET = 10.3;
				MTL_ENABLE_DEBUG_INFO = NO;
				SDKROOT = iphoneos;
				SWIFT_OPTIMIZATION_LEVEL = "-Owholemodule";
				TARGETED_DEVICE_FAMILY = "1,2";
				VALIDATE_PRODUCT = YES;
			};
			name = Release;
		};
		2F3B5E011ED6F88E0018E0AD /* Debug */ = {
			isa = XCBuildConfiguration;
			buildSettings = {
				ASSETCATALOG_COMPILER_APPICON_NAME = AppIcon;
				DEVELOPMENT_TEAM = V6TPGSWS2W;
				INFOPLIST_FILE = GoldenEye/Info.plist;
				LD_RUNPATH_SEARCH_PATHS = "$(inherited) @executable_path/Frameworks";
				PRODUCT_BUNDLE_IDENTIFIER = com.semantictechiOS.MyBenefits;
				PRODUCT_NAME = "$(TARGET_NAME)";
				SWIFT_VERSION = 3.0;
			};
			name = Debug;
		};
		2F3B5E021ED6F88E0018E0AD /* Release */ = {
			isa = XCBuildConfiguration;
			buildSettings = {
				ASSETCATALOG_COMPILER_APPICON_NAME = AppIcon;
				DEVELOPMENT_TEAM = V6TPGSWS2W;
				INFOPLIST_FILE = GoldenEye/Info.plist;
				LD_RUNPATH_SEARCH_PATHS = "$(inherited) @executable_path/Frameworks";
				PRODUCT_BUNDLE_IDENTIFIER = com.semantictechiOS.MyBenefits;
				PRODUCT_NAME = "$(TARGET_NAME)";
				SWIFT_VERSION = 3.0;
			};
			name = Release;
		};
		2F3B5E041ED6F88E0018E0AD /* Debug */ = {
			isa = XCBuildConfiguration;
			buildSettings = {
				ALWAYS_EMBED_SWIFT_STANDARD_LIBRARIES = YES;
				BUNDLE_LOADER = "$(TEST_HOST)";
				INFOPLIST_FILE = GoldenEyeTests/Info.plist;
				LD_RUNPATH_SEARCH_PATHS = "$(inherited) @executable_path/Frameworks @loader_path/Frameworks";
				PRODUCT_BUNDLE_IDENTIFIER = com.semantictechiOS.MyBenefits.GoldenEyeTests;
				PRODUCT_NAME = "$(TARGET_NAME)";
				SWIFT_VERSION = 3.0;
				TEST_HOST = "$(BUILT_PRODUCTS_DIR)/GoldenEye.app/GoldenEye";
			};
			name = Debug;
		};
		2F3B5E051ED6F88E0018E0AD /* Release */ = {
			isa = XCBuildConfiguration;
			buildSettings = {
				ALWAYS_EMBED_SWIFT_STANDARD_LIBRARIES = YES;
				BUNDLE_LOADER = "$(TEST_HOST)";
				INFOPLIST_FILE = GoldenEyeTests/Info.plist;
				LD_RUNPATH_SEARCH_PATHS = "$(inherited) @executable_path/Frameworks @loader_path/Frameworks";
				PRODUCT_BUNDLE_IDENTIFIER = com.semantictechiOS.MyBenefits.GoldenEyeTests;
				PRODUCT_NAME = "$(TARGET_NAME)";
				SWIFT_VERSION = 3.0;
				TEST_HOST = "$(BUILT_PRODUCTS_DIR)/GoldenEye.app/GoldenEye";
			};
			name = Release;
		};
		2F3B5E071ED6F88E0018E0AD /* Debug */ = {
			isa = XCBuildConfiguration;
			buildSettings = {
				ALWAYS_EMBED_SWIFT_STANDARD_LIBRARIES = YES;
				INFOPLIST_FILE = GoldenEyeUITests/Info.plist;
				LD_RUNPATH_SEARCH_PATHS = "$(inherited) @executable_path/Frameworks @loader_path/Frameworks";
				PRODUCT_BUNDLE_IDENTIFIER = com.semantictechiOS.MyBenefits.GoldenEyeUITests;
				PRODUCT_NAME = "$(TARGET_NAME)";
				SWIFT_VERSION = 3.0;
				TEST_TARGET_NAME = GoldenEye;
			};
			name = Debug;
		};
		2F3B5E081ED6F88E0018E0AD /* Release */ = {
			isa = XCBuildConfiguration;
			buildSettings = {
				ALWAYS_EMBED_SWIFT_STANDARD_LIBRARIES = YES;
				INFOPLIST_FILE = GoldenEyeUITests/Info.plist;
				LD_RUNPATH_SEARCH_PATHS = "$(inherited) @executable_path/Frameworks @loader_path/Frameworks";
				PRODUCT_BUNDLE_IDENTIFIER = com.semantictechiOS.MyBenefits.GoldenEyeUITests;
				PRODUCT_NAME = "$(TARGET_NAME)";
				SWIFT_VERSION = 3.0;
				TEST_TARGET_NAME = GoldenEye;
			};
			name = Release;
		};
/* End XCBuildConfiguration section */

/* Begin XCConfigurationList section */
		2F3B5DD31ED6F88D0018E0AD /* Build configuration list for PBXProject "GoldenEye" */ = {
			isa = XCConfigurationList;
			buildConfigurations = (
				2F3B5DFE1ED6F88E0018E0AD /* Debug */,
				2F3B5DFF1ED6F88E0018E0AD /* Release */,
			);
			defaultConfigurationIsVisible = 0;
			defaultConfigurationName = Release;
		};
		2F3B5E001ED6F88E0018E0AD /* Build configuration list for PBXNativeTarget "GoldenEye" */ = {
			isa = XCConfigurationList;
			buildConfigurations = (
				2F3B5E011ED6F88E0018E0AD /* Debug */,
				2F3B5E021ED6F88E0018E0AD /* Release */,
			);
			defaultConfigurationIsVisible = 0;
		};
		2F3B5E031ED6F88E0018E0AD /* Build configuration list for PBXNativeTarget "GoldenEyeTests" */ = {
			isa = XCConfigurationList;
			buildConfigurations = (
				2F3B5E041ED6F88E0018E0AD /* Debug */,
				2F3B5E051ED6F88E0018E0AD /* Release */,
			);
			defaultConfigurationIsVisible = 0;
		};
		2F3B5E061ED6F88E0018E0AD /* Build configuration list for PBXNativeTarget "GoldenEyeUITests" */ = {
			isa = XCConfigurationList;
			buildConfigurations = (
				2F3B5E071ED6F88E0018E0AD /* Debug */,
				2F3B5E081ED6F88E0018E0AD /* Release */,
			);
			defaultConfigurationIsVisible = 0;
		};
/* End XCConfigurationList section */
	};
	rootObject = 2F3B5DD01ED6F88D0018E0AD /* Project object */;
}
